<?xml version="1.0" encoding="utf-8"?>
<Project ToolsVersion="4.0" xmlns="http://schemas.microsoft.com/developer/msbuild/2003">
  <ItemGroup>
    <Filter Include="Assets">
      <UniqueIdentifier>{aa2dff80-cc46-4aaa-9c9e-7784c2a0cdf0}</UniqueIdentifier>
    </Filter>
    <Filter Include="Assets\modelData">
      <UniqueIdentifier>{a27dfd5d-af93-4623-b084-aad00b7739c4}</UniqueIdentifier>
    </Filter>
    <Filter Include="character">
      <UniqueIdentifier>{c57b7107-f9f3-4b72-8f3e-8644593ed533}</UniqueIdentifier>
    </Filter>
    <Filter Include="graphics">
      <UniqueIdentifier>{b7a9a0ab-a792-43fe-a5a7-760b8c976aca}</UniqueIdentifier>
    </Filter>
    <Filter Include="graphics\animation">
      <UniqueIdentifier>{d83ac002-5cd8-4ff4-977a-e7b5ebce5263}</UniqueIdentifier>
    </Filter>
    <Filter Include="HID">
      <UniqueIdentifier>{bbdeed04-d9d3-4ff9-bb44-9d888be6899a}</UniqueIdentifier>
    </Filter>
    <Filter Include="level">
      <UniqueIdentifier>{73eacaf4-a5db-4539-ab55-83b9c5d4807c}</UniqueIdentifier>
    </Filter>
    <Filter Include="math">
      <UniqueIdentifier>{39e7f303-3dac-4bde-bedf-33a5497f262e}</UniqueIdentifier>
    </Filter>
    <Filter Include="physics">
      <UniqueIdentifier>{1eed4cab-11aa-4e90-960a-a01360c5a392}</UniqueIdentifier>
    </Filter>
    <Filter Include="system">
      <UniqueIdentifier>{48b58c60-bbe2-40d8-9d2f-e81d065b6820}</UniqueIdentifier>
    </Filter>
  </ItemGroup>
  <ItemGroup>
    <ClCompile Include="main.cpp" />
    <ClCompile Include="stdafx.cpp" />
    <ClCompile Include="GameCamera.cpp" />
    <ClCompile Include="Game.cpp" />
    <ClCompile Include="Title.cpp" />
    <ClCompile Include="character\CharacterController.cpp">
      <Filter>character</Filter>
    </ClCompile>
    <ClCompile Include="gameObject\GameObjectManager.cpp" />
    <ClCompile Include="gameObject\IGameObject.cpp" />
    <ClCompile Include="graphics\animation\Animation.cpp">
      <Filter>graphics\animation</Filter>
    </ClCompile>
    <ClCompile Include="graphics\animation\AnimationClip.cpp">
      <Filter>graphics\animation</Filter>
    </ClCompile>
    <ClCompile Include="graphics\animation\AnimationPlayController.cpp">
      <Filter>graphics\animation</Filter>
    </ClCompile>
    <ClCompile Include="graphics\Camera.cpp">
      <Filter>graphics</Filter>
    </ClCompile>
    <ClCompile Include="graphics\GraphicsEngine.cpp">
      <Filter>graphics</Filter>
    </ClCompile>
    <ClCompile Include="graphics\Shader.cpp">
      <Filter>graphics</Filter>
    </ClCompile>
    <ClCompile Include="graphics\ShaderResources.cpp">
      <Filter>graphics</Filter>
    </ClCompile>
    <ClCompile Include="graphics\Skeleton.cpp">
      <Filter>graphics</Filter>
    </ClCompile>
    <ClCompile Include="graphics\SkinModel.cpp">
      <Filter>graphics</Filter>
    </ClCompile>
    <ClCompile Include="graphics\SkinModelDataManager.cpp">
      <Filter>graphics</Filter>
    </ClCompile>
    <ClCompile Include="graphics\SkinModelEffect.cpp">
      <Filter>graphics</Filter>
    </ClCompile>
    <ClCompile Include="level\Level.cpp">
      <Filter>level</Filter>
    </ClCompile>
    <ClCompile Include="level\MapChip.cpp">
      <Filter>level</Filter>
    </ClCompile>
    <ClCompile Include="math\kMath.cpp">
      <Filter>math</Filter>
    </ClCompile>
    <ClCompile Include="math\Matrix.cpp">
      <Filter>math</Filter>
    </ClCompile>
    <ClCompile Include="math\Vector.cpp">
      <Filter>math</Filter>
    </ClCompile>
    <ClCompile Include="physics\CapsuleCollider.cpp">
      <Filter>physics</Filter>
    </ClCompile>
    <ClCompile Include="physics\MeshCollider.cpp">
      <Filter>physics</Filter>
    </ClCompile>
    <ClCompile Include="physics\Physics.cpp">
      <Filter>physics</Filter>
    </ClCompile>
    <ClCompile Include="physics\PhysicsStaticObject.cpp">
      <Filter>physics</Filter>
    </ClCompile>
    <ClCompile Include="physics\RigidBody.cpp">
      <Filter>physics</Filter>
    </ClCompile>
    <ClCompile Include="system\system.cpp">
      <Filter>system</Filter>
    </ClCompile>
    <ClCompile Include="Player\Player.cpp" />
    <ClCompile Include="Player\PlStateIdle.cpp" />
    <ClCompile Include="Player\PlStateMachine.cpp" />
    <ClCompile Include="Player\PlStateRun.cpp" />
    <ClCompile Include="Player\IPlState.cpp" />
    <ClCompile Include="Enemy\EnStateIdle.cpp" />
    <ClCompile Include="Enemy\EnStateMachine.cpp" />
    <ClCompile Include="Enemy\EnStateMove.cpp" />
    <ClCompile Include="Enemy\IEnState.cpp" />
    <ClCompile Include="Enemy\Enemy.cpp" />
    <ClCompile Include="Render\RenderTarget.cpp" />
    <ClCompile Include="Render\ShadowMap.cpp" />
    <ClCompile Include="Player\PlStateAttack.cpp" />
    <ClCompile Include="LightCamera.cpp" />
    <ClCompile Include="sound\SoundEngine.cpp" />
    <ClCompile Include="sound\SoundSource.cpp" />
    <ClCompile Include="sound\WaveFile.cpp" />
    <ClCompile Include="sound\WaveFileBank.cpp" />
    <ClCompile Include="Render\Bloom.cpp" />
    <ClCompile Include="Render\PostEffect.cpp" />
    <ClCompile Include="Render\GaussianBlur.cpp" />
    <ClCompile Include="Render\ConstantBufferGPU.cpp" />
    <ClCompile Include="Render\Sprite.cpp" />
    <ClCompile Include="HID\Pad.cpp">
      <Filter>HID</Filter>
    </ClCompile>
    <ClCompile Include="BattleController.cpp" />
    <ClCompile Include="BattleHit.cpp" />
  </ItemGroup>
  <ItemGroup>
    <ClInclude Include="stdafx.h" />
    <ClInclude Include="GameCamera.h" />
    <ClInclude Include="Game.h" />
    <ClInclude Include="Title.h" />
    <ClInclude Include="character\CharacterController.h">
      <Filter>character</Filter>
    </ClInclude>
    <ClInclude Include="gameObject\GameObjectManager.h" />
    <ClInclude Include="gameObject\IGameObject.h" />
    <ClInclude Include="graphics\animation\Animation.h">
      <Filter>graphics\animation</Filter>
    </ClInclude>
    <ClInclude Include="graphics\animation\AnimationClip.h">
      <Filter>graphics\animation</Filter>
    </ClInclude>
    <ClInclude Include="graphics\animation\AnimationPlayController.h">
      <Filter>graphics\animation</Filter>
    </ClInclude>
    <ClInclude Include="graphics\Camera.h">
      <Filter>graphics</Filter>
    </ClInclude>
    <ClInclude Include="graphics\GraphicsEngine.h">
      <Filter>graphics</Filter>
    </ClInclude>
    <ClInclude Include="graphics\Shader.h">
      <Filter>graphics</Filter>
    </ClInclude>
    <ClInclude Include="graphics\ShaderResources.h">
      <Filter>graphics</Filter>
    </ClInclude>
    <ClInclude Include="graphics\Skeleton.h">
      <Filter>graphics</Filter>
    </ClInclude>
    <ClInclude Include="graphics\SkinModel.h">
      <Filter>graphics</Filter>
    </ClInclude>
    <ClInclude Include="graphics\SkinModelDataManager.h">
      <Filter>graphics</Filter>
    </ClInclude>
    <ClInclude Include="graphics\SkinModelEffect.h">
      <Filter>graphics</Filter>
    </ClInclude>
    <ClInclude Include="graphics\SkinModelShaderConst.h">
      <Filter>graphics</Filter>
    </ClInclude>
    <ClInclude Include="level\Level.h">
      <Filter>level</Filter>
    </ClInclude>
    <ClInclude Include="level\MapChip.h">
      <Filter>level</Filter>
    </ClInclude>
    <ClInclude Include="math\kMath.h">
      <Filter>math</Filter>
    </ClInclude>
    <ClInclude Include="math\Matrix.h">
      <Filter>math</Filter>
    </ClInclude>
    <ClInclude Include="math\Vector.h">
      <Filter>math</Filter>
    </ClInclude>
    <ClInclude Include="physics\CapsuleCollider.h">
      <Filter>physics</Filter>
    </ClInclude>
    <ClInclude Include="physics\CollisionAttr.h">
      <Filter>physics</Filter>
    </ClInclude>
    <ClInclude Include="physics\ICollider.h">
      <Filter>physics</Filter>
    </ClInclude>
    <ClInclude Include="physics\MeshCollider.h">
      <Filter>physics</Filter>
    </ClInclude>
    <ClInclude Include="physics\Physics.h">
      <Filter>physics</Filter>
    </ClInclude>
    <ClInclude Include="physics\PhysicsStaticObject.h">
      <Filter>physics</Filter>
    </ClInclude>
    <ClInclude Include="physics\RigidBody.h">
      <Filter>physics</Filter>
    </ClInclude>
    <ClInclude Include="system\system.h">
      <Filter>system</Filter>
    </ClInclude>
    <ClInclude Include="Player\Player.h" />
    <ClInclude Include="Player\PlayerState.h" />
    <ClInclude Include="Player\PlStateIdle.h" />
    <ClInclude Include="Player\PlStateMachine.h" />
    <ClInclude Include="Player\PlStateRun.h" />
    <ClInclude Include="Player\IPlState.h" />
    <ClInclude Include="Enemy\EnemyState.h" />
    <ClInclude Include="Enemy\EnStateIdle.h" />
    <ClInclude Include="Enemy\EnStateMachine.h" />
    <ClInclude Include="Enemy\EnStateMove.h" />
    <ClInclude Include="Enemy\IEnState.h" />
    <ClInclude Include="Enemy\Enemy.h" />
    <ClInclude Include="Render\RenderTarget.h" />
    <ClInclude Include="Render\ShadowMap.h" />
    <ClInclude Include="Player\PlStateAttack.h" />
    <ClInclude Include="LightCamera.h" />
    <ClInclude Include="sound\SoundEngine.h" />
    <ClInclude Include="sound\SoundSource.h" />
    <ClInclude Include="sound\WaveFile.h" />
    <ClInclude Include="sound\WaveFileBank.h" />
    <ClInclude Include="Render\Bloom.h" />
    <ClInclude Include="Render\PostEffect.h" />
    <ClInclude Include="Render\GaussianBlur.h" />
    <ClInclude Include="Render\ConstantBufferGPU.h" />
    <ClInclude Include="Render\Sprite.h" />
    <ClInclude Include="Noncopyable.h" />
    <ClInclude Include="HID\Pad.h">
      <Filter>HID</Filter>
    </ClInclude>
    <ClInclude Include="BattleController.h" />
    <ClInclude Include="BattleHit.h" />
  </ItemGroup>
  <ItemGroup>
    <MeshContentTask Include="Assets\modelData\background.FBX">
      <Filter>Assets\modelData</Filter>
    </MeshContentTask>
    <MeshContentTask Include="Assets\modelData\enemy.FBX" />
    <MeshContentTask Include="Assets\modelData\plpath.FBX" />
    <MeshContentTask Include="Assets\modelData\enpath.FBX" />
    <MeshContentTask Include="Assets\modelData\ToonRTS_demo_Knight.FBX" />
    <MeshContentTask Include="Assets\modelData\enpath2.fbx" />
  </ItemGroup>
  <ItemGroup>
    <ImageContentTask Include="Assets\sprite\Titel.png" />
  </ItemGroup>
</Project>